
Microsoft Visual Studio Solution File, Format Version 12.00
# Visual Studio 15
VisualStudioVersion = 15.0.26228.4
MinimumVisualStudioVersion = 10.0.40219.1
Project("{FAE04EC0-301F-11D3-BF4B-00C04F79EFBC}") = "TestSystem.FormManage", "TestSystem.FormManage\TestSystem.FormManage.csproj", "{343C1405-091F-467F-96BB-52045E814662}"
EndProject
Project("{FAE04EC0-301F-11D3-BF4B-00C04F79EFBC}") = "TestSystem.Command.ControlCenter", "Resource\欧姆龙通讯\TestSystem.Command.ControlCenter\TestSystem.Command.ControlCenter.csproj", "{5E7AE3C5-6DA5-43F0-84C8-F8349418ABF3}"
EndProject
Project("{FAE04EC0-301F-11D3-BF4B-00C04F79EFBC}") = "TestSystem.Command.Interface", "Resource\欧姆龙通讯\TestSystem.Command.Interface\TestSystem.Command.Interface.csproj", "{CCBC540A-0562-4C1D-9ED8-BCB76ACA9431}"
EndProject
Project("{FAE04EC0-301F-11D3-BF4B-00C04F79EFBC}") = "TestSystem.Command.PLC.Omron.HostLink.Fins", "Resource\欧姆龙通讯\TestSystem.Command.PLC.Omron.PLC.HostLink.Fins\TestSystem.Command.PLC.Omron.HostLink.Fins.csproj", "{AA1F5F4D-6664-497C-A281-A1FEF59F1759}"
EndProject
Project("{FAE04EC0-301F-11D3-BF4B-00C04F79EFBC}") = "TestSystem.Command.YB.TianChen", "Resource\欧姆龙通讯\TestSystem.Command.YB.TianChen\TestSystem.Command.YB.TianChen.csproj", "{15306EA7-5CA8-4BBA-8FEF-10693A19CAB6}"
EndProject
Project("{2150E333-8FDC-42A3-9474-1A3956D46DE8}") = "Siemens", "Siemens", "{C567BDF0-B637-4A5F-AC04-9640158BFAED}"
EndProject
Project("{9A19103F-16F7-4668-BE54-9A1E7A4F7556}") = "S7.Net", "S7.Net\S7.Net.csproj", "{53B41868-AC09-4F2E-86DC-5303220552D4}"
EndProject
Project("{FAE04EC0-301F-11D3-BF4B-00C04F79EFBC}") = "S7.Net.UnitTest", "S7.Net.UnitTest\S7.Net.UnitTest.csproj", "{303CCED6-9ABC-4899-A509-743341AAA804}"
EndProject
Project("{FAE04EC0-301F-11D3-BF4B-00C04F79EFBC}") = "S7NetWrapper", "S7NetWrapper\S7NetWrapper.csproj", "{2D06C9D1-69BC-4E29-977A-2D2ADB09CD7F}"
EndProject
Project("{FAE04EC0-301F-11D3-BF4B-00C04F79EFBC}") = "ManagementSpecificTools", "ManagementSpecificTools\ManagementSpecificTools.csproj", "{CA21E8AD-5025-49A4-8345-953CE953ADEA}"
EndProject
Project("{FAE04EC0-301F-11D3-BF4B-00C04F79EFBC}") = "ZZ.Serial", "ZZ.Serial\ZZ.Serial.csproj", "{96C34130-4B5E-4273-8AA1-9ED0BDD8B331}"
EndProject
Project("{FAE04EC0-301F-11D3-BF4B-00C04F79EFBC}") = "PubClass", "PubClass\PubClass.csproj", "{6ABE4476-A90F-4EB7-BF0D-CE865FFA95DA}"
EndProject
Project("{FAE04EC0-301F-11D3-BF4B-00C04F79EFBC}") = "frequentlyCtrlClass", "frequentlyCtrlClass\frequentlyCtrlClass.csproj", "{32BA0036-3714-47B8-8814-901F08ED8A04}"
EndProject
Project("{FAE04EC0-301F-11D3-BF4B-00C04F79EFBC}") = "Soar.Logger", "Soar.Logger\Soar.Logger.csproj", "{A6F0114C-B298-439D-A339-B3E2A70DA6EA}"
EndProject
Project("{FAE04EC0-301F-11D3-BF4B-00C04F79EFBC}") = "ZKZDLQ.SystemTest", "ZKZDLQ.SystemTest\ZKZDLQ.SystemTest.csproj", "{DCAE1044-B890-445C-876B-FD22B4413F43}"
EndProject
Project("{FAE04EC0-301F-11D3-BF4B-00C04F79EFBC}") = "usefulClass", "usefulClass\usefulClass.csproj", "{3193B4F6-9F00-4A78-BFC7-7AAD5C0393EE}"
	ProjectSection(ProjectDependencies) = postProject
		{CCBC540A-0562-4C1D-9ED8-BCB76ACA9431} = {CCBC540A-0562-4C1D-9ED8-BCB76ACA9431}
		{96C34130-4B5E-4273-8AA1-9ED0BDD8B331} = {96C34130-4B5E-4273-8AA1-9ED0BDD8B331}
		{32BA0036-3714-47B8-8814-901F08ED8A04} = {32BA0036-3714-47B8-8814-901F08ED8A04}
		{A6F0114C-B298-439D-A339-B3E2A70DA6EA} = {A6F0114C-B298-439D-A339-B3E2A70DA6EA}
		{AA1F5F4D-6664-497C-A281-A1FEF59F1759} = {AA1F5F4D-6664-497C-A281-A1FEF59F1759}
		{6ABE4476-A90F-4EB7-BF0D-CE865FFA95DA} = {6ABE4476-A90F-4EB7-BF0D-CE865FFA95DA}
		{15306EA7-5CA8-4BBA-8FEF-10693A19CAB6} = {15306EA7-5CA8-4BBA-8FEF-10693A19CAB6}
		{CA21E8AD-5025-49A4-8345-953CE953ADEA} = {CA21E8AD-5025-49A4-8345-953CE953ADEA}
		{5E7AE3C5-6DA5-43F0-84C8-F8349418ABF3} = {5E7AE3C5-6DA5-43F0-84C8-F8349418ABF3}
	EndProjectSection
EndProject
Global
	GlobalSection(SolutionConfigurationPlatforms) = preSolution
		Debug|Any CPU = Debug|Any CPU
		Debug|x86 = Debug|x86
		Release|Any CPU = Release|Any CPU
		Release|x86 = Release|x86
	EndGlobalSection
	GlobalSection(ProjectConfigurationPlatforms) = postSolution
		{343C1405-091F-467F-96BB-52045E814662}.Debug|Any CPU.ActiveCfg = Debug|Any CPU
		{343C1405-091F-467F-96BB-52045E814662}.Debug|Any CPU.Build.0 = Debug|Any CPU
		{343C1405-091F-467F-96BB-52045E814662}.Debug|x86.ActiveCfg = Debug|Any CPU
		{343C1405-091F-467F-96BB-52045E814662}.Release|Any CPU.ActiveCfg = Release|Any CPU
		{343C1405-091F-467F-96BB-52045E814662}.Release|Any CPU.Build.0 = Release|Any CPU
		{343C1405-091F-467F-96BB-52045E814662}.Release|x86.ActiveCfg = Release|Any CPU
		{5E7AE3C5-6DA5-43F0-84C8-F8349418ABF3}.Debug|Any CPU.ActiveCfg = Debug|Any CPU
		{5E7AE3C5-6DA5-43F0-84C8-F8349418ABF3}.Debug|Any CPU.Build.0 = Debug|Any CPU
		{5E7AE3C5-6DA5-43F0-84C8-F8349418ABF3}.Debug|x86.ActiveCfg = Debug|x86
		{5E7AE3C5-6DA5-43F0-84C8-F8349418ABF3}.Debug|x86.Build.0 = Debug|x86
		{5E7AE3C5-6DA5-43F0-84C8-F8349418ABF3}.Release|Any CPU.ActiveCfg = Release|Any CPU
		{5E7AE3C5-6DA5-43F0-84C8-F8349418ABF3}.Release|Any CPU.Build.0 = Release|Any CPU
		{5E7AE3C5-6DA5-43F0-84C8-F8349418ABF3}.Release|x86.ActiveCfg = Release|x86
		{5E7AE3C5-6DA5-43F0-84C8-F8349418ABF3}.Release|x86.Build.0 = Release|x86
		{CCBC540A-0562-4C1D-9ED8-BCB76ACA9431}.Debug|Any CPU.ActiveCfg = Debug|Any CPU
		{CCBC540A-0562-4C1D-9ED8-BCB76ACA9431}.Debug|Any CPU.Build.0 = Debug|Any CPU
		{CCBC540A-0562-4C1D-9ED8-BCB76ACA9431}.Debug|x86.ActiveCfg = Debug|x86
		{CCBC540A-0562-4C1D-9ED8-BCB76ACA9431}.Debug|x86.Build.0 = Debug|x86
		{CCBC540A-0562-4C1D-9ED8-BCB76ACA9431}.Release|Any CPU.ActiveCfg = Release|Any CPU
		{CCBC540A-0562-4C1D-9ED8-BCB76ACA9431}.Release|Any CPU.Build.0 = Release|Any CPU
		{CCBC540A-0562-4C1D-9ED8-BCB76ACA9431}.Release|x86.ActiveCfg = Release|x86
		{CCBC540A-0562-4C1D-9ED8-BCB76ACA9431}.Release|x86.Build.0 = Release|x86
		{AA1F5F4D-6664-497C-A281-A1FEF59F1759}.Debug|Any CPU.ActiveCfg = Debug|Any CPU
		{AA1F5F4D-6664-497C-A281-A1FEF59F1759}.Debug|Any CPU.Build.0 = Debug|Any CPU
		{AA1F5F4D-6664-497C-A281-A1FEF59F1759}.Debug|x86.ActiveCfg = Debug|x86
		{AA1F5F4D-6664-497C-A281-A1FEF59F1759}.Debug|x86.Build.0 = Debug|x86
		{AA1F5F4D-6664-497C-A281-A1FEF59F1759}.Release|Any CPU.ActiveCfg = Release|Any CPU
		{AA1F5F4D-6664-497C-A281-A1FEF59F1759}.Release|Any CPU.Build.0 = Release|Any CPU
		{AA1F5F4D-6664-497C-A281-A1FEF59F1759}.Release|x86.ActiveCfg = Release|x86
		{AA1F5F4D-6664-497C-A281-A1FEF59F1759}.Release|x86.Build.0 = Release|x86
		{15306EA7-5CA8-4BBA-8FEF-10693A19CAB6}.Debug|Any CPU.ActiveCfg = Debug|Any CPU
		{15306EA7-5CA8-4BBA-8FEF-10693A19CAB6}.Debug|Any CPU.Build.0 = Debug|Any CPU
		{15306EA7-5CA8-4BBA-8FEF-10693A19CAB6}.Debug|x86.ActiveCfg = Debug|Any CPU
		{15306EA7-5CA8-4BBA-8FEF-10693A19CAB6}.Release|Any CPU.ActiveCfg = Release|Any CPU
		{15306EA7-5CA8-4BBA-8FEF-10693A19CAB6}.Release|Any CPU.Build.0 = Release|Any CPU
		{15306EA7-5CA8-4BBA-8FEF-10693A19CAB6}.Release|x86.ActiveCfg = Release|Any CPU
		{53B41868-AC09-4F2E-86DC-5303220552D4}.Debug|Any CPU.ActiveCfg = Debug|Any CPU
		{53B41868-AC09-4F2E-86DC-5303220552D4}.Debug|Any CPU.Build.0 = Debug|Any CPU
		{53B41868-AC09-4F2E-86DC-5303220552D4}.Debug|x86.ActiveCfg = Debug|Any CPU
		{53B41868-AC09-4F2E-86DC-5303220552D4}.Debug|x86.Build.0 = Debug|Any CPU
		{53B41868-AC09-4F2E-86DC-5303220552D4}.Release|Any CPU.ActiveCfg = Release|Any CPU
		{53B41868-AC09-4F2E-86DC-5303220552D4}.Release|Any CPU.Build.0 = Release|Any CPU
		{53B41868-AC09-4F2E-86DC-5303220552D4}.Release|x86.ActiveCfg = Release|Any CPU
		{53B41868-AC09-4F2E-86DC-5303220552D4}.Release|x86.Build.0 = Release|Any CPU
		{303CCED6-9ABC-4899-A509-743341AAA804}.Debug|Any CPU.ActiveCfg = Debug|Any CPU
		{303CCED6-9ABC-4899-A509-743341AAA804}.Debug|Any CPU.Build.0 = Debug|Any CPU
		{303CCED6-9ABC-4899-A509-743341AAA804}.Debug|x86.ActiveCfg = Debug|Any CPU
		{303CCED6-9ABC-4899-A509-743341AAA804}.Debug|x86.Build.0 = Debug|Any CPU
		{303CCED6-9ABC-4899-A509-743341AAA804}.Release|Any CPU.ActiveCfg = Release|Any CPU
		{303CCED6-9ABC-4899-A509-743341AAA804}.Release|Any CPU.Build.0 = Release|Any CPU
		{303CCED6-9ABC-4899-A509-743341AAA804}.Release|x86.ActiveCfg = Release|Any CPU
		{303CCED6-9ABC-4899-A509-743341AAA804}.Release|x86.Build.0 = Release|Any CPU
		{2D06C9D1-69BC-4E29-977A-2D2ADB09CD7F}.Debug|Any CPU.ActiveCfg = Debug|Any CPU
		{2D06C9D1-69BC-4E29-977A-2D2ADB09CD7F}.Debug|Any CPU.Build.0 = Debug|Any CPU
		{2D06C9D1-69BC-4E29-977A-2D2ADB09CD7F}.Debug|x86.ActiveCfg = Debug|Any CPU
		{2D06C9D1-69BC-4E29-977A-2D2ADB09CD7F}.Debug|x86.Build.0 = Debug|Any CPU
		{2D06C9D1-69BC-4E29-977A-2D2ADB09CD7F}.Release|Any CPU.ActiveCfg = Release|Any CPU
		{2D06C9D1-69BC-4E29-977A-2D2ADB09CD7F}.Release|Any CPU.Build.0 = Release|Any CPU
		{2D06C9D1-69BC-4E29-977A-2D2ADB09CD7F}.Release|x86.ActiveCfg = Release|Any CPU
		{2D06C9D1-69BC-4E29-977A-2D2ADB09CD7F}.Release|x86.Build.0 = Release|Any CPU
		{CA21E8AD-5025-49A4-8345-953CE953ADEA}.Debug|Any CPU.ActiveCfg = Debug|Any CPU
		{CA21E8AD-5025-49A4-8345-953CE953ADEA}.Debug|Any CPU.Build.0 = Debug|Any CPU
		{CA21E8AD-5025-49A4-8345-953CE953ADEA}.Debug|x86.ActiveCfg = Debug|Any CPU
		{CA21E8AD-5025-49A4-8345-953CE953ADEA}.Debug|x86.Build.0 = Debug|Any CPU
		{CA21E8AD-5025-49A4-8345-953CE953ADEA}.Release|Any CPU.ActiveCfg = Release|Any CPU
		{CA21E8AD-5025-49A4-8345-953CE953ADEA}.Release|Any CPU.Build.0 = Release|Any CPU
		{CA21E8AD-5025-49A4-8345-953CE953ADEA}.Release|x86.ActiveCfg = Release|Any CPU
		{CA21E8AD-5025-49A4-8345-953CE953ADEA}.Release|x86.Build.0 = Release|Any CPU
		{96C34130-4B5E-4273-8AA1-9ED0BDD8B331}.Debug|Any CPU.ActiveCfg = Debug|Any CPU
		{96C34130-4B5E-4273-8AA1-9ED0BDD8B331}.Debug|Any CPU.Build.0 = Debug|Any CPU
		{96C34130-4B5E-4273-8AA1-9ED0BDD8B331}.Debug|x86.ActiveCfg = Debug|Any CPU
		{96C34130-4B5E-4273-8AA1-9ED0BDD8B331}.Debug|x86.Build.0 = Debug|Any CPU
		{96C34130-4B5E-4273-8AA1-9ED0BDD8B331}.Release|Any CPU.ActiveCfg = Release|Any CPU
		{96C34130-4B5E-4273-8AA1-9ED0BDD8B331}.Release|Any CPU.Build.0 = Release|Any CPU
		{96C34130-4B5E-4273-8AA1-9ED0BDD8B331}.Release|x86.ActiveCfg = Release|Any CPU
		{96C34130-4B5E-4273-8AA1-9ED0BDD8B331}.Release|x86.Build.0 = Release|Any CPU
		{6ABE4476-A90F-4EB7-BF0D-CE865FFA95DA}.Debug|Any CPU.ActiveCfg = Debug|Any CPU
		{6ABE4476-A90F-4EB7-BF0D-CE865FFA95DA}.Debug|Any CPU.Build.0 = Debug|Any CPU
		{6ABE4476-A90F-4EB7-BF0D-CE865FFA95DA}.Debug|x86.ActiveCfg = Debug|Any CPU
		{6ABE4476-A90F-4EB7-BF0D-CE865FFA95DA}.Debug|x86.Build.0 = Debug|Any CPU
		{6ABE4476-A90F-4EB7-BF0D-CE865FFA95DA}.Release|Any CPU.ActiveCfg = Release|Any CPU
		{6ABE4476-A90F-4EB7-BF0D-CE865FFA95DA}.Release|Any CPU.Build.0 = Release|Any CPU
		{6ABE4476-A90F-4EB7-BF0D-CE865FFA95DA}.Release|x86.ActiveCfg = Release|Any CPU
		{6ABE4476-A90F-4EB7-BF0D-CE865FFA95DA}.Release|x86.Build.0 = Release|Any CPU
		{32BA0036-3714-47B8-8814-901F08ED8A04}.Debug|Any CPU.ActiveCfg = Debug|Any CPU
		{32BA0036-3714-47B8-8814-901F08ED8A04}.Debug|Any CPU.Build.0 = Debug|Any CPU
		{32BA0036-3714-47B8-8814-901F08ED8A04}.Debug|x86.ActiveCfg = Debug|Any CPU
		{32BA0036-3714-47B8-8814-901F08ED8A04}.Debug|x86.Build.0 = Debug|Any CPU
		{32BA0036-3714-47B8-8814-901F08ED8A04}.Release|Any CPU.ActiveCfg = Release|Any CPU
		{32BA0036-3714-47B8-8814-901F08ED8A04}.Release|Any CPU.Build.0 = Release|Any CPU
		{32BA0036-3714-47B8-8814-901F08ED8A04}.Release|x86.ActiveCfg = Release|Any CPU
		{32BA0036-3714-47B8-8814-901F08ED8A04}.Release|x86.Build.0 = Release|Any CPU
		{A6F0114C-B298-439D-A339-B3E2A70DA6EA}.Debug|Any CPU.ActiveCfg = Debug|Any CPU
		{A6F0114C-B298-439D-A339-B3E2A70DA6EA}.Debug|Any CPU.Build.0 = Debug|Any CPU
		{A6F0114C-B298-439D-A339-B3E2A70DA6EA}.Debug|x86.ActiveCfg = Debug|Any CPU
		{A6F0114C-B298-439D-A339-B3E2A70DA6EA}.Debug|x86.Build.0 = Debug|Any CPU
		{A6F0114C-B298-439D-A339-B3E2A70DA6EA}.Release|Any CPU.ActiveCfg = Release|Any CPU
		{A6F0114C-B298-439D-A339-B3E2A70DA6EA}.Release|Any CPU.Build.0 = Release|Any CPU
		{A6F0114C-B298-439D-A339-B3E2A70DA6EA}.Release|x86.ActiveCfg = Release|Any CPU
		{A6F0114C-B298-439D-A339-B3E2A70DA6EA}.Release|x86.Build.0 = Release|Any CPU
		{DCAE1044-B890-445C-876B-FD22B4413F43}.Debug|Any CPU.ActiveCfg = Debug|Any CPU
		{DCAE1044-B890-445C-876B-FD22B4413F43}.Debug|Any CPU.Build.0 = Debug|Any CPU
		{DCAE1044-B890-445C-876B-FD22B4413F43}.Debug|x86.ActiveCfg = Debug|Any CPU
		{DCAE1044-B890-445C-876B-FD22B4413F43}.Debug|x86.Build.0 = Debug|Any CPU
		{DCAE1044-B890-445C-876B-FD22B4413F43}.Release|Any CPU.ActiveCfg = Release|Any CPU
		{DCAE1044-B890-445C-876B-FD22B4413F43}.Release|Any CPU.Build.0 = Release|Any CPU
		{DCAE1044-B890-445C-876B-FD22B4413F43}.Release|x86.ActiveCfg = Release|Any CPU
		{DCAE1044-B890-445C-876B-FD22B4413F43}.Release|x86.Build.0 = Release|Any CPU
		{3193B4F6-9F00-4A78-BFC7-7AAD5C0393EE}.Debug|Any CPU.ActiveCfg = Debug|Any CPU
		{3193B4F6-9F00-4A78-BFC7-7AAD5C0393EE}.Debug|Any CPU.Build.0 = Debug|Any CPU
		{3193B4F6-9F00-4A78-BFC7-7AAD5C0393EE}.Debug|x86.ActiveCfg = Debug|Any CPU
		{3193B4F6-9F00-4A78-BFC7-7AAD5C0393EE}.Debug|x86.Build.0 = Debug|Any CPU
		{3193B4F6-9F00-4A78-BFC7-7AAD5C0393EE}.Release|Any CPU.ActiveCfg = Release|Any CPU
		{3193B4F6-9F00-4A78-BFC7-7AAD5C0393EE}.Release|Any CPU.Build.0 = Release|Any CPU
		{3193B4F6-9F00-4A78-BFC7-7AAD5C0393EE}.Release|x86.ActiveCfg = Release|Any CPU
		{3193B4F6-9F00-4A78-BFC7-7AAD5C0393EE}.Release|x86.Build.0 = Release|Any CPU
	EndGlobalSection
	GlobalSection(SolutionProperties) = preSolution
		HideSolutionNode = FALSE
	EndGlobalSection
	GlobalSection(NestedProjects) = preSolution
		{53B41868-AC09-4F2E-86DC-5303220552D4} = {C567BDF0-B637-4A5F-AC04-9640158BFAED}
		{303CCED6-9ABC-4899-A509-743341AAA804} = {C567BDF0-B637-4A5F-AC04-9640158BFAED}
		{2D06C9D1-69BC-4E29-977A-2D2ADB09CD7F} = {C567BDF0-B637-4A5F-AC04-9640158BFAED}
		{CA21E8AD-5025-49A4-8345-953CE953ADEA} = {C567BDF0-B637-4A5F-AC04-9640158BFAED}
	EndGlobalSection
	GlobalSection(ExtensibilityGlobals) = postSolution
		SolutionGuid = {CA37119E-0C0B-472A-B166-3A92D3D9A8E6}
	EndGlobalSection
EndGlobal
