
Microsoft Visual Studio Solution File, Format Version 10.00
# Visual Studio 2008
Project("{FAE04EC0-301F-11D3-BF4B-00C04F79EFBC}") = "OmronPLCTest", "OmronPLCTest.csproj", "{ADA4EB02-6A9D-4939-A35D-395CE0F8D1D3}"
EndProject
Project("{FAE04EC0-301F-11D3-BF4B-00C04F79EFBC}") = "TestSystem.Command.PLC.Omron.HostLink.Fins", "..\TestSystem.Command.PLC.Omron.PLC.HostLink.Fins\TestSystem.Command.PLC.Omron.HostLink.Fins.csproj", "{AA1F5F4D-6664-497C-A281-A1FEF59F1759}"
EndProject
Project("{FAE04EC0-301F-11D3-BF4B-00C04F79EFBC}") = "TestSystem.Command.ControlCenter", "..\..\TestSystem.Command.ControlCenter\TestSystem.Command.ControlCenter.csproj", "{5E7AE3C5-6DA5-43F0-84C8-F8349418ABF3}"
EndProject
Project("{FAE04EC0-301F-11D3-BF4B-00C04F79EFBC}") = "TestSystem.Command.Interface", "..\..\TestSystem.Command.Interface\TestSystem.Command.Interface.csproj", "{CCBC540A-0562-4C1D-9ED8-BCB76ACA9431}"
EndProject
Global
	GlobalSection(SolutionConfigurationPlatforms) = preSolution
		Debug|Any CPU = Debug|Any CPU
		Debug|x86 = Debug|x86
		Release|Any CPU = Release|Any CPU
		Release|x86 = Release|x86
	EndGlobalSection
	GlobalSection(ProjectConfigurationPlatforms) = postSolution
		{ADA4EB02-6A9D-4939-A35D-395CE0F8D1D3}.Debug|Any CPU.ActiveCfg = Debug|Any CPU
		{ADA4EB02-6A9D-4939-A35D-395CE0F8D1D3}.Debug|Any CPU.Build.0 = Debug|Any CPU
		{ADA4EB02-6A9D-4939-A35D-395CE0F8D1D3}.Debug|x86.ActiveCfg = Debug|x86
		{ADA4EB02-6A9D-4939-A35D-395CE0F8D1D3}.Debug|x86.Build.0 = Debug|x86
		{ADA4EB02-6A9D-4939-A35D-395CE0F8D1D3}.Release|Any CPU.ActiveCfg = Release|Any CPU
		{ADA4EB02-6A9D-4939-A35D-395CE0F8D1D3}.Release|Any CPU.Build.0 = Release|Any CPU
		{ADA4EB02-6A9D-4939-A35D-395CE0F8D1D3}.Release|x86.ActiveCfg = Release|x86
		{ADA4EB02-6A9D-4939-A35D-395CE0F8D1D3}.Release|x86.Build.0 = Release|x86
		{AA1F5F4D-6664-497C-A281-A1FEF59F1759}.Debug|Any CPU.ActiveCfg = Debug|Any CPU
		{AA1F5F4D-6664-497C-A281-A1FEF59F1759}.Debug|Any CPU.Build.0 = Debug|Any CPU
		{AA1F5F4D-6664-497C-A281-A1FEF59F1759}.Debug|x86.ActiveCfg = Debug|x86
		{AA1F5F4D-6664-497C-A281-A1FEF59F1759}.Debug|x86.Build.0 = Debug|x86
		{AA1F5F4D-6664-497C-A281-A1FEF59F1759}.Release|Any CPU.ActiveCfg = Release|Any CPU
		{AA1F5F4D-6664-497C-A281-A1FEF59F1759}.Release|Any CPU.Build.0 = Release|Any CPU
		{AA1F5F4D-6664-497C-A281-A1FEF59F1759}.Release|x86.ActiveCfg = Release|x86
		{AA1F5F4D-6664-497C-A281-A1FEF59F1759}.Release|x86.Build.0 = Release|x86
		{5E7AE3C5-6DA5-43F0-84C8-F8349418ABF3}.Debug|Any CPU.ActiveCfg = Debug|Any CPU
		{5E7AE3C5-6DA5-43F0-84C8-F8349418ABF3}.Debug|Any CPU.Build.0 = Debug|Any CPU
		{5E7AE3C5-6DA5-43F0-84C8-F8349418ABF3}.Debug|x86.ActiveCfg = Debug|Any CPU
		{5E7AE3C5-6DA5-43F0-84C8-F8349418ABF3}.Release|Any CPU.ActiveCfg = Release|Any CPU
		{5E7AE3C5-6DA5-43F0-84C8-F8349418ABF3}.Release|Any CPU.Build.0 = Release|Any CPU
		{5E7AE3C5-6DA5-43F0-84C8-F8349418ABF3}.Release|x86.ActiveCfg = Release|Any CPU
		{CCBC540A-0562-4C1D-9ED8-BCB76ACA9431}.Debug|Any CPU.ActiveCfg = Debug|Any CPU
		{CCBC540A-0562-4C1D-9ED8-BCB76ACA9431}.Debug|Any CPU.Build.0 = Debug|Any CPU
		{CCBC540A-0562-4C1D-9ED8-BCB76ACA9431}.Debug|x86.ActiveCfg = Debug|Any CPU
		{CCBC540A-0562-4C1D-9ED8-BCB76ACA9431}.Release|Any CPU.ActiveCfg = Release|Any CPU
		{CCBC540A-0562-4C1D-9ED8-BCB76ACA9431}.Release|Any CPU.Build.0 = Release|Any CPU
		{CCBC540A-0562-4C1D-9ED8-BCB76ACA9431}.Release|x86.ActiveCfg = Release|Any CPU
	EndGlobalSection
	GlobalSection(SolutionProperties) = preSolution
		HideSolutionNode = FALSE
	EndGlobalSection
EndGlobal
